
Microsoft Visual Studio Solution File, Format Version 12.00
# Visual Studio Version 17
VisualStudioVersion = 17.10.35013.160
MinimumVisualStudioVersion = 10.0.40219.1
Project("{2150E333-8FDC-42A3-9474-1A3956D46DE8}") = "Services", "Services", "{57329F3F-7231-4F18-99EA-B7E019298F02}"
EndProject
Project("{2150E333-8FDC-42A3-9474-1A3956D46DE8}") = "Catalog", "Catalog", "{107461F5-82F4-4BAE-9FF1-B95EFA8D02E9}"
EndProject
Project("{9A19103F-16F7-4668-BE54-9A1E7A4F7556}") = "Koton.Catalog.Api", "Koton.Catalog\Koton.Catalog.Api.csproj", "{ED08F3D6-7D37-439E-A66A-80C1A2FA6A67}"
EndProject
Project("{9A19103F-16F7-4668-BE54-9A1E7A4F7556}") = "Koton.Catalog.Core", "Koton.Core\Koton.Catalog.Core.csproj", "{808E2E67-ED59-4D36-8F84-86603E42C9CA}"
EndProject
Project("{9A19103F-16F7-4668-BE54-9A1E7A4F7556}") = "Koton.Catalog.DataAccess", "Koton.DataAccess\Koton.Catalog.DataAccess.csproj", "{CDE4C78F-F5C0-46FC-A686-188541F1F602}"
EndProject
Project("{9A19103F-16F7-4668-BE54-9A1E7A4F7556}") = "Koton.Catalog.Entity", "Koton.Entity\Koton.Catalog.Entity.csproj", "{15B9C329-8285-4E45-9424-B7CC792022AD}"
EndProject
Project("{9A19103F-16F7-4668-BE54-9A1E7A4F7556}") = "Koton.Catalog.Business", "Koton.Business\Koton.Catalog.Business.csproj", "{87CBC1F8-55D6-400F-9B3F-BD2F0C9A6BBB}"
EndProject
Project("{2150E333-8FDC-42A3-9474-1A3956D46DE8}") = "Discount", "Discount", "{90B454D6-21FC-4CD8-A04D-FA6D4B12EC5F}"
EndProject
Project("{9A19103F-16F7-4668-BE54-9A1E7A4F7556}") = "Koton.Discount.Api", "Koton.Discount\Koton.Discount.Api.csproj", "{2F3B4774-DA8F-4127-AB02-E3991496FD7A}"
EndProject
Project("{9A19103F-16F7-4668-BE54-9A1E7A4F7556}") = "Koton.Discount.Business", "Koton.Discount.Business\Koton.Discount.Business.csproj", "{08B2E096-F129-4F05-A0F4-C3C7932E247B}"
EndProject
Project("{9A19103F-16F7-4668-BE54-9A1E7A4F7556}") = "Koton.Discount.Core", "Koton.Discount.Core\Koton.Discount.Core.csproj", "{442666E9-021B-47A2-B0D5-D2014A8203DB}"
EndProject
Project("{9A19103F-16F7-4668-BE54-9A1E7A4F7556}") = "Koton.Discount.DataAccess", "Koton.Discount.DataAccess\Koton.Discount.DataAccess.csproj", "{F26AF93A-25E5-4986-8DCF-FE9604FB988F}"
EndProject
Project("{9A19103F-16F7-4668-BE54-9A1E7A4F7556}") = "Koton.Discount.Entity", "Koton.Discount.Entity\Koton.Discount.Entity.csproj", "{66B180BB-9678-4229-89DE-2734C48367A8}"
EndProject
Project("{2150E333-8FDC-42A3-9474-1A3956D46DE8}") = "Shared", "Shared", "{7A947C75-18AE-4ECA-A5D2-0DFD2B18D363}"
EndProject
Project("{9A19103F-16F7-4668-BE54-9A1E7A4F7556}") = "Koton.Shared", "Koton.Shared\Koton.Shared.csproj", "{784CE72E-32D6-4BDA-87F7-1083E7347F94}"
EndProject
Project("{2150E333-8FDC-42A3-9474-1A3956D46DE8}") = "Order", "Order", "{EDB185D9-8301-4C60-B025-8D9CF86564E3}"
EndProject
Project("{2150E333-8FDC-42A3-9474-1A3956D46DE8}") = "Core", "Core", "{7F3A9101-5DF4-48D4-9928-C68978689B47}"
EndProject
Project("{2150E333-8FDC-42A3-9474-1A3956D46DE8}") = "Infrastucture", "Infrastucture", "{2CFB701C-C914-43DC-A314-F78F93AAC626}"
EndProject
Project("{2150E333-8FDC-42A3-9474-1A3956D46DE8}") = "Presentation", "Presentation", "{DDBA449E-41AF-42DB-9B2C-A839A2AC7160}"
EndProject
Project("{9A19103F-16F7-4668-BE54-9A1E7A4F7556}") = "Koton.Order.Domain", "Koton.Order.Domain\Koton.Order.Domain.csproj", "{0DE23351-6550-49B1-93A6-43C93F4225F9}"
EndProject
Project("{9A19103F-16F7-4668-BE54-9A1E7A4F7556}") = "Koton.Order.Aplication", "Koton.Order.Aplication\Koton.Order.Aplication.csproj", "{60BD0F17-D035-48B2-9003-89447B3AD367}"
EndProject
Project("{9A19103F-16F7-4668-BE54-9A1E7A4F7556}") = "Koton.Order.Persistence", "Koton.Order.Persistence\Koton.Order.Persistence.csproj", "{E5C6676D-3CD4-4CD3-8F69-CFFADB5207A0}"
EndProject
Project("{9A19103F-16F7-4668-BE54-9A1E7A4F7556}") = "Koton.Order.Api", "Koton.Order.Api\Koton.Order.Api.csproj", "{CFCF8AFA-E935-4062-9F23-EDEBA20170CF}"
EndProject
Project("{2150E333-8FDC-42A3-9474-1A3956D46DE8}") = "IdentityServer", "IdentityServer", "{624D009B-3FE7-4571-BEBD-A85DA881C17D}"
EndProject
Project("{9A19103F-16F7-4668-BE54-9A1E7A4F7556}") = "Koton.IdentityServer", "IdentityServer\Koton.IdentityServer.csproj", "{1E06A719-F92D-4691-9C3E-EBA3149D1537}"
EndProject
Project("{2150E333-8FDC-42A3-9474-1A3956D46DE8}") = "Basket", "Basket", "{13E62DA5-E080-4A49-8492-CFC94D7CCB3B}"
EndProject
Project("{FAE04EC0-301F-11D3-BF4B-00C04F79EFBC}") = "Koton.Basket.Api", "Koton.Basket.Api\Koton.Basket.Api.csproj", "{5AA0B34C-ED73-4273-ACEB-E39663618FFC}"
EndProject
Global
	GlobalSection(SolutionConfigurationPlatforms) = preSolution
		Debug|Any CPU = Debug|Any CPU
		Release|Any CPU = Release|Any CPU
	EndGlobalSection
	GlobalSection(ProjectConfigurationPlatforms) = postSolution
		{ED08F3D6-7D37-439E-A66A-80C1A2FA6A67}.Debug|Any CPU.ActiveCfg = Debug|Any CPU
		{ED08F3D6-7D37-439E-A66A-80C1A2FA6A67}.Debug|Any CPU.Build.0 = Debug|Any CPU
		{ED08F3D6-7D37-439E-A66A-80C1A2FA6A67}.Release|Any CPU.ActiveCfg = Release|Any CPU
		{ED08F3D6-7D37-439E-A66A-80C1A2FA6A67}.Release|Any CPU.Build.0 = Release|Any CPU
		{808E2E67-ED59-4D36-8F84-86603E42C9CA}.Debug|Any CPU.ActiveCfg = Debug|Any CPU
		{808E2E67-ED59-4D36-8F84-86603E42C9CA}.Debug|Any CPU.Build.0 = Debug|Any CPU
		{808E2E67-ED59-4D36-8F84-86603E42C9CA}.Release|Any CPU.ActiveCfg = Release|Any CPU
		{808E2E67-ED59-4D36-8F84-86603E42C9CA}.Release|Any CPU.Build.0 = Release|Any CPU
		{CDE4C78F-F5C0-46FC-A686-188541F1F602}.Debug|Any CPU.ActiveCfg = Debug|Any CPU
		{CDE4C78F-F5C0-46FC-A686-188541F1F602}.Debug|Any CPU.Build.0 = Debug|Any CPU
		{CDE4C78F-F5C0-46FC-A686-188541F1F602}.Release|Any CPU.ActiveCfg = Release|Any CPU
		{CDE4C78F-F5C0-46FC-A686-188541F1F602}.Release|Any CPU.Build.0 = Release|Any CPU
		{15B9C329-8285-4E45-9424-B7CC792022AD}.Debug|Any CPU.ActiveCfg = Debug|Any CPU
		{15B9C329-8285-4E45-9424-B7CC792022AD}.Debug|Any CPU.Build.0 = Debug|Any CPU
		{15B9C329-8285-4E45-9424-B7CC792022AD}.Release|Any CPU.ActiveCfg = Release|Any CPU
		{15B9C329-8285-4E45-9424-B7CC792022AD}.Release|Any CPU.Build.0 = Release|Any CPU
		{87CBC1F8-55D6-400F-9B3F-BD2F0C9A6BBB}.Debug|Any CPU.ActiveCfg = Debug|Any CPU
		{87CBC1F8-55D6-400F-9B3F-BD2F0C9A6BBB}.Debug|Any CPU.Build.0 = Debug|Any CPU
		{87CBC1F8-55D6-400F-9B3F-BD2F0C9A6BBB}.Release|Any CPU.ActiveCfg = Release|Any CPU
		{87CBC1F8-55D6-400F-9B3F-BD2F0C9A6BBB}.Release|Any CPU.Build.0 = Release|Any CPU
		{2F3B4774-DA8F-4127-AB02-E3991496FD7A}.Debug|Any CPU.ActiveCfg = Debug|Any CPU
		{2F3B4774-DA8F-4127-AB02-E3991496FD7A}.Debug|Any CPU.Build.0 = Debug|Any CPU
		{2F3B4774-DA8F-4127-AB02-E3991496FD7A}.Release|Any CPU.ActiveCfg = Release|Any CPU
		{2F3B4774-DA8F-4127-AB02-E3991496FD7A}.Release|Any CPU.Build.0 = Release|Any CPU
		{08B2E096-F129-4F05-A0F4-C3C7932E247B}.Debug|Any CPU.ActiveCfg = Debug|Any CPU
		{08B2E096-F129-4F05-A0F4-C3C7932E247B}.Debug|Any CPU.Build.0 = Debug|Any CPU
		{08B2E096-F129-4F05-A0F4-C3C7932E247B}.Release|Any CPU.ActiveCfg = Release|Any CPU
		{08B2E096-F129-4F05-A0F4-C3C7932E247B}.Release|Any CPU.Build.0 = Release|Any CPU
		{442666E9-021B-47A2-B0D5-D2014A8203DB}.Debug|Any CPU.ActiveCfg = Debug|Any CPU
		{442666E9-021B-47A2-B0D5-D2014A8203DB}.Debug|Any CPU.Build.0 = Debug|Any CPU
		{442666E9-021B-47A2-B0D5-D2014A8203DB}.Release|Any CPU.ActiveCfg = Release|Any CPU
		{442666E9-021B-47A2-B0D5-D2014A8203DB}.Release|Any CPU.Build.0 = Release|Any CPU
		{F26AF93A-25E5-4986-8DCF-FE9604FB988F}.Debug|Any CPU.ActiveCfg = Debug|Any CPU
		{F26AF93A-25E5-4986-8DCF-FE9604FB988F}.Debug|Any CPU.Build.0 = Debug|Any CPU
		{F26AF93A-25E5-4986-8DCF-FE9604FB988F}.Release|Any CPU.ActiveCfg = Release|Any CPU
		{F26AF93A-25E5-4986-8DCF-FE9604FB988F}.Release|Any CPU.Build.0 = Release|Any CPU
		{66B180BB-9678-4229-89DE-2734C48367A8}.Debug|Any CPU.ActiveCfg = Debug|Any CPU
		{66B180BB-9678-4229-89DE-2734C48367A8}.Debug|Any CPU.Build.0 = Debug|Any CPU
		{66B180BB-9678-4229-89DE-2734C48367A8}.Release|Any CPU.ActiveCfg = Release|Any CPU
		{66B180BB-9678-4229-89DE-2734C48367A8}.Release|Any CPU.Build.0 = Release|Any CPU
		{784CE72E-32D6-4BDA-87F7-1083E7347F94}.Debug|Any CPU.ActiveCfg = Debug|Any CPU
		{784CE72E-32D6-4BDA-87F7-1083E7347F94}.Debug|Any CPU.Build.0 = Debug|Any CPU
		{784CE72E-32D6-4BDA-87F7-1083E7347F94}.Release|Any CPU.ActiveCfg = Release|Any CPU
		{784CE72E-32D6-4BDA-87F7-1083E7347F94}.Release|Any CPU.Build.0 = Release|Any CPU
		{0DE23351-6550-49B1-93A6-43C93F4225F9}.Debug|Any CPU.ActiveCfg = Debug|Any CPU
		{0DE23351-6550-49B1-93A6-43C93F4225F9}.Debug|Any CPU.Build.0 = Debug|Any CPU
		{0DE23351-6550-49B1-93A6-43C93F4225F9}.Release|Any CPU.ActiveCfg = Release|Any CPU
		{0DE23351-6550-49B1-93A6-43C93F4225F9}.Release|Any CPU.Build.0 = Release|Any CPU
		{60BD0F17-D035-48B2-9003-89447B3AD367}.Debug|Any CPU.ActiveCfg = Debug|Any CPU
		{60BD0F17-D035-48B2-9003-89447B3AD367}.Debug|Any CPU.Build.0 = Debug|Any CPU
		{60BD0F17-D035-48B2-9003-89447B3AD367}.Release|Any CPU.ActiveCfg = Release|Any CPU
		{60BD0F17-D035-48B2-9003-89447B3AD367}.Release|Any CPU.Build.0 = Release|Any CPU
		{E5C6676D-3CD4-4CD3-8F69-CFFADB5207A0}.Debug|Any CPU.ActiveCfg = Debug|Any CPU
		{E5C6676D-3CD4-4CD3-8F69-CFFADB5207A0}.Debug|Any CPU.Build.0 = Debug|Any CPU
		{E5C6676D-3CD4-4CD3-8F69-CFFADB5207A0}.Release|Any CPU.ActiveCfg = Release|Any CPU
		{E5C6676D-3CD4-4CD3-8F69-CFFADB5207A0}.Release|Any CPU.Build.0 = Release|Any CPU
		{CFCF8AFA-E935-4062-9F23-EDEBA20170CF}.Debug|Any CPU.ActiveCfg = Debug|Any CPU
		{CFCF8AFA-E935-4062-9F23-EDEBA20170CF}.Debug|Any CPU.Build.0 = Debug|Any CPU
		{CFCF8AFA-E935-4062-9F23-EDEBA20170CF}.Release|Any CPU.ActiveCfg = Release|Any CPU
		{CFCF8AFA-E935-4062-9F23-EDEBA20170CF}.Release|Any CPU.Build.0 = Release|Any CPU
		{1E06A719-F92D-4691-9C3E-EBA3149D1537}.Debug|Any CPU.ActiveCfg = Debug|Any CPU
		{1E06A719-F92D-4691-9C3E-EBA3149D1537}.Debug|Any CPU.Build.0 = Debug|Any CPU
		{1E06A719-F92D-4691-9C3E-EBA3149D1537}.Release|Any CPU.ActiveCfg = Release|Any CPU
		{1E06A719-F92D-4691-9C3E-EBA3149D1537}.Release|Any CPU.Build.0 = Release|Any CPU
		{5AA0B34C-ED73-4273-ACEB-E39663618FFC}.Debug|Any CPU.ActiveCfg = Debug|Any CPU
		{5AA0B34C-ED73-4273-ACEB-E39663618FFC}.Debug|Any CPU.Build.0 = Debug|Any CPU
		{5AA0B34C-ED73-4273-ACEB-E39663618FFC}.Release|Any CPU.ActiveCfg = Release|Any CPU
		{5AA0B34C-ED73-4273-ACEB-E39663618FFC}.Release|Any CPU.Build.0 = Release|Any CPU
	EndGlobalSection
	GlobalSection(SolutionProperties) = preSolution
		HideSolutionNode = FALSE
	EndGlobalSection
	GlobalSection(NestedProjects) = preSolution
		{107461F5-82F4-4BAE-9FF1-B95EFA8D02E9} = {57329F3F-7231-4F18-99EA-B7E019298F02}
		{ED08F3D6-7D37-439E-A66A-80C1A2FA6A67} = {107461F5-82F4-4BAE-9FF1-B95EFA8D02E9}
		{808E2E67-ED59-4D36-8F84-86603E42C9CA} = {107461F5-82F4-4BAE-9FF1-B95EFA8D02E9}
		{CDE4C78F-F5C0-46FC-A686-188541F1F602} = {107461F5-82F4-4BAE-9FF1-B95EFA8D02E9}
		{15B9C329-8285-4E45-9424-B7CC792022AD} = {107461F5-82F4-4BAE-9FF1-B95EFA8D02E9}
		{87CBC1F8-55D6-400F-9B3F-BD2F0C9A6BBB} = {107461F5-82F4-4BAE-9FF1-B95EFA8D02E9}
		{90B454D6-21FC-4CD8-A04D-FA6D4B12EC5F} = {57329F3F-7231-4F18-99EA-B7E019298F02}
		{2F3B4774-DA8F-4127-AB02-E3991496FD7A} = {90B454D6-21FC-4CD8-A04D-FA6D4B12EC5F}
		{08B2E096-F129-4F05-A0F4-C3C7932E247B} = {90B454D6-21FC-4CD8-A04D-FA6D4B12EC5F}
		{442666E9-021B-47A2-B0D5-D2014A8203DB} = {90B454D6-21FC-4CD8-A04D-FA6D4B12EC5F}
		{F26AF93A-25E5-4986-8DCF-FE9604FB988F} = {90B454D6-21FC-4CD8-A04D-FA6D4B12EC5F}
		{66B180BB-9678-4229-89DE-2734C48367A8} = {90B454D6-21FC-4CD8-A04D-FA6D4B12EC5F}
		{7A947C75-18AE-4ECA-A5D2-0DFD2B18D363} = {57329F3F-7231-4F18-99EA-B7E019298F02}
		{784CE72E-32D6-4BDA-87F7-1083E7347F94} = {7A947C75-18AE-4ECA-A5D2-0DFD2B18D363}
		{EDB185D9-8301-4C60-B025-8D9CF86564E3} = {57329F3F-7231-4F18-99EA-B7E019298F02}
		{7F3A9101-5DF4-48D4-9928-C68978689B47} = {EDB185D9-8301-4C60-B025-8D9CF86564E3}
		{2CFB701C-C914-43DC-A314-F78F93AAC626} = {EDB185D9-8301-4C60-B025-8D9CF86564E3}
		{DDBA449E-41AF-42DB-9B2C-A839A2AC7160} = {EDB185D9-8301-4C60-B025-8D9CF86564E3}
		{0DE23351-6550-49B1-93A6-43C93F4225F9} = {7F3A9101-5DF4-48D4-9928-C68978689B47}
		{60BD0F17-D035-48B2-9003-89447B3AD367} = {7F3A9101-5DF4-48D4-9928-C68978689B47}
		{E5C6676D-3CD4-4CD3-8F69-CFFADB5207A0} = {2CFB701C-C914-43DC-A314-F78F93AAC626}
		{CFCF8AFA-E935-4062-9F23-EDEBA20170CF} = {DDBA449E-41AF-42DB-9B2C-A839A2AC7160}
		{624D009B-3FE7-4571-BEBD-A85DA881C17D} = {57329F3F-7231-4F18-99EA-B7E019298F02}
		{1E06A719-F92D-4691-9C3E-EBA3149D1537} = {624D009B-3FE7-4571-BEBD-A85DA881C17D}
		{13E62DA5-E080-4A49-8492-CFC94D7CCB3B} = {57329F3F-7231-4F18-99EA-B7E019298F02}
		{5AA0B34C-ED73-4273-ACEB-E39663618FFC} = {13E62DA5-E080-4A49-8492-CFC94D7CCB3B}
	EndGlobalSection
	GlobalSection(ExtensibilityGlobals) = postSolution
		SolutionGuid = {CD669B0C-D26D-4EAF-A4B5-E2CA3430982D}
	EndGlobalSection
EndGlobal
